// !$*UTF8*$!
{
	archiveVersion = 1;
	classes = {
	};
	objectVersion = 55;
	objects = {

/* Begin PBXBuildFile section */
		3B3627C82886A5C200B4098C /* FirebaseAnalytics in Frameworks */ = {isa = PBXBuildFile; productRef = 3B3627C72886A5C200B4098C /* FirebaseAnalytics */; };
		3B3627CA2886A5C200B4098C /* FirebaseAuth in Frameworks */ = {isa = PBXBuildFile; productRef = 3B3627C92886A5C200B4098C /* FirebaseAuth */; };
		3B3627CC2886A5C200B4098C /* FirebaseDatabase in Frameworks */ = {isa = PBXBuildFile; productRef = 3B3627CB2886A5C200B4098C /* FirebaseDatabase */; };
		3BA0FB2028865FDD00582892 /* AppDelegate.swift in Sources */ = {isa = PBXBuildFile; fileRef = 3BA0FB1F28865FDD00582892 /* AppDelegate.swift */; };
		3BA0FB2228865FDD00582892 /* SceneDelegate.swift in Sources */ = {isa = PBXBuildFile; fileRef = 3BA0FB2128865FDD00582892 /* SceneDelegate.swift */; };
		3BA0FB2428865FDD00582892 /* ViewController.swift in Sources */ = {isa = PBXBuildFile; fileRef = 3BA0FB2328865FDD00582892 /* ViewController.swift */; };
		3BA0FB2728865FDD00582892 /* Main.storyboard in Resources */ = {isa = PBXBuildFile; fileRef = 3BA0FB2528865FDD00582892 /* Main.storyboard */; };
		3BA0FB2928865FDE00582892 /* Assets.xcassets in Resources */ = {isa = PBXBuildFile; fileRef = 3BA0FB2828865FDE00582892 /* Assets.xcassets */; };
		3BA0FB2C28865FDE00582892 /* LaunchScreen.storyboard in Resources */ = {isa = PBXBuildFile; fileRef = 3BA0FB2A28865FDE00582892 /* LaunchScreen.storyboard */; };
		3BA0FB3428865FF300582892 /* GoogleService-Info.plist in Resources */ = {isa = PBXBuildFile; fileRef = 3BA0FB3328865FF300582892 /* GoogleService-Info.plist */; };
		3BA0FB42288674FE00582892 /* InfoViewController.swift in Sources */ = {isa = PBXBuildFile; fileRef = 3BA0FB41288674FE00582892 /* InfoViewController.swift */; };
		3BA0FB44288675CB00582892 /* nlpfreeinfo.html in Resources */ = {isa = PBXBuildFile; fileRef = 3BA0FB43288675CB00582892 /* nlpfreeinfo.html */; };
		3BA0FB4628868BAF00582892 /* TestViewController.swift in Sources */ = {isa = PBXBuildFile; fileRef = 3BA0FB4528868BAF00582892 /* TestViewController.swift */; };
		3BA0FB4B28868E8700582892 /* AnalyticsViewController.swift in Sources */ = {isa = PBXBuildFile; fileRef = 3BA0FB4A28868E8700582892 /* AnalyticsViewController.swift */; };
		7E0715687C9109F9DC7C765E /* Pods_NLPA1Free.framework in Frameworks */ = {isa = PBXBuildFile; fileRef = DA247C4C71554B3920C4808E /* Pods_NLPA1Free.framework */; };
/* End PBXBuildFile section */

/* Begin PBXFileReference section */
		3BA0FB1C28865FDD00582892 /* NLPA1Free.app */ = {isa = PBXFileReference; explicitFileType = wrapper.application; includeInIndex = 0; path = NLPA1Free.app; sourceTree = BUILT_PRODUCTS_DIR; };
		3BA0FB1F28865FDD00582892 /* AppDelegate.swift */ = {isa = PBXFileReference; lastKnownFileType = sourcecode.swift; path = AppDelegate.swift; sourceTree = "<group>"; };
		3BA0FB2128865FDD00582892 /* SceneDelegate.swift */ = {isa = PBXFileReference; lastKnownFileType = sourcecode.swift; path = SceneDelegate.swift; sourceTree = "<group>"; };
		3BA0FB2328865FDD00582892 /* ViewController.swift */ = {isa = PBXFileReference; lastKnownFileType = sourcecode.swift; path = ViewController.swift; sourceTree = "<group>"; };
		3BA0FB2628865FDD00582892 /* Base */ = {isa = PBXFileReference; lastKnownFileType = file.storyboard; name = Base; path = Base.lproj/Main.storyboard; sourceTree = "<group>"; };
		3BA0FB2828865FDE00582892 /* Assets.xcassets */ = {isa = PBXFileReference; lastKnownFileType = folder.assetcatalog; path = Assets.xcassets; sourceTree = "<group>"; };
		3BA0FB2B28865FDE00582892 /* Base */ = {isa = PBXFileReference; lastKnownFileType = file.storyboard; name = Base; path = Base.lproj/LaunchScreen.storyboard; sourceTree = "<group>"; };
		3BA0FB2D28865FDE00582892 /* Info.plist */ = {isa = PBXFileReference; lastKnownFileType = text.plist.xml; path = Info.plist; sourceTree = "<group>"; };
		3BA0FB3328865FF300582892 /* GoogleService-Info.plist */ = {isa = PBXFileReference; fileEncoding = 4; lastKnownFileType = text.plist.xml; path = "GoogleService-Info.plist"; sourceTree = "<group>"; };
		3BA0FB41288674FE00582892 /* InfoViewController.swift */ = {isa = PBXFileReference; lastKnownFileType = sourcecode.swift; path = InfoViewController.swift; sourceTree = "<group>"; };
		3BA0FB43288675CB00582892 /* nlpfreeinfo.html */ = {isa = PBXFileReference; fileEncoding = 4; lastKnownFileType = text.html; path = nlpfreeinfo.html; sourceTree = "<group>"; };
		3BA0FB4528868BAF00582892 /* TestViewController.swift */ = {isa = PBXFileReference; lastKnownFileType = sourcecode.swift; path = TestViewController.swift; sourceTree = "<group>"; };
		3BA0FB4A28868E8700582892 /* AnalyticsViewController.swift */ = {isa = PBXFileReference; lastKnownFileType = sourcecode.swift; path = AnalyticsViewController.swift; sourceTree = "<group>"; };
		6F19A5FD6A4D32836A6F6864 /* Pods-NLPA1Free.release.xcconfig */ = {isa = PBXFileReference; includeInIndex = 1; lastKnownFileType = text.xcconfig; name = "Pods-NLPA1Free.release.xcconfig"; path = "Target Support Files/Pods-NLPA1Free/Pods-NLPA1Free.release.xcconfig"; sourceTree = "<group>"; };
		B48C9A2B2F2FDAF6E55E5BDC /* Pods-NLPA1Free.debug.xcconfig */ = {isa = PBXFileReference; includeInIndex = 1; lastKnownFileType = text.xcconfig; name = "Pods-NLPA1Free.debug.xcconfig"; path = "Target Support Files/Pods-NLPA1Free/Pods-NLPA1Free.debug.xcconfig"; sourceTree = "<group>"; };
		BA0D3A7D288ED7C000F5E887 /* NLPA1Free.entitlements */ = {isa = PBXFileReference; lastKnownFileType = text.plist.entitlements; path = NLPA1Free.entitlements; sourceTree = "<group>"; };
		DA247C4C71554B3920C4808E /* Pods_NLPA1Free.framework */ = {isa = PBXFileReference; explicitFileType = wrapper.framework; includeInIndex = 0; path = Pods_NLPA1Free.framework; sourceTree = BUILT_PRODUCTS_DIR; };
/* End PBXFileReference section */

/* Begin PBXFrameworksBuildPhase section */
		3BA0FB1928865FDD00582892 /* Frameworks */ = {
			isa = PBXFrameworksBuildPhase;
			buildActionMask = 2147483647;
			files = (
				3B3627C82886A5C200B4098C /* FirebaseAnalytics in Frameworks */,
				3B3627CA2886A5C200B4098C /* FirebaseAuth in Frameworks */,
				3B3627CC2886A5C200B4098C /* FirebaseDatabase in Frameworks */,
				7E0715687C9109F9DC7C765E /* Pods_NLPA1Free.framework in Frameworks */,
			);
			runOnlyForDeploymentPostprocessing = 0;
		};
/* End PBXFrameworksBuildPhase section */

/* Begin PBXGroup section */
		0053BEDDDCA04CA161345CD4 /* Pods */ = {
			isa = PBXGroup;
			children = (
				B48C9A2B2F2FDAF6E55E5BDC /* Pods-NLPA1Free.debug.xcconfig */,
				6F19A5FD6A4D32836A6F6864 /* Pods-NLPA1Free.release.xcconfig */,
			);
			path = Pods;
			sourceTree = "<group>";
		};
		3BA0FB1328865FDD00582892 = {
			isa = PBXGroup;
			children = (
				3BA0FB1E28865FDD00582892 /* NLPA1Free */,
				3BA0FB1D28865FDD00582892 /* Products */,
				0053BEDDDCA04CA161345CD4 /* Pods */,
				E73BD4DDA18A350160D75485 /* Frameworks */,
			);
			sourceTree = "<group>";
		};
		3BA0FB1D28865FDD00582892 /* Products */ = {
			isa = PBXGroup;
			children = (
				3BA0FB1C28865FDD00582892 /* NLPA1Free.app */,
			);
			name = Products;
			sourceTree = "<group>";
		};
		3BA0FB1E28865FDD00582892 /* NLPA1Free */ = {
			isa = PBXGroup;
			children = (
				BA0D3A7D288ED7C000F5E887 /* NLPA1Free.entitlements */,
				3BA0FB1F28865FDD00582892 /* AppDelegate.swift */,
				3BA0FB2128865FDD00582892 /* SceneDelegate.swift */,
				3BA0FB2328865FDD00582892 /* ViewController.swift */,
				3BA0FB2528865FDD00582892 /* Main.storyboard */,
				3BA0FB3328865FF300582892 /* GoogleService-Info.plist */,
				3BA0FB2828865FDE00582892 /* Assets.xcassets */,
				3BA0FB43288675CB00582892 /* nlpfreeinfo.html */,
				3BA0FB2A28865FDE00582892 /* LaunchScreen.storyboard */,
				3BA0FB2D28865FDE00582892 /* Info.plist */,
				3BA0FB41288674FE00582892 /* InfoViewController.swift */,
				3BA0FB4528868BAF00582892 /* TestViewController.swift */,
				3BA0FB4A28868E8700582892 /* AnalyticsViewController.swift */,
			);
			path = NLPA1Free;
			sourceTree = "<group>";
		};
		E73BD4DDA18A350160D75485 /* Frameworks */ = {
			isa = PBXGroup;
			children = (
				DA247C4C71554B3920C4808E /* Pods_NLPA1Free.framework */,
			);
			name = Frameworks;
			sourceTree = "<group>";
		};
/* End PBXGroup section */

/* Begin PBXNativeTarget section */
		3BA0FB1B28865FDD00582892 /* NLPA1Free */ = {
			isa = PBXNativeTarget;
			buildConfigurationList = 3BA0FB3028865FDE00582892 /* Build configuration list for PBXNativeTarget "NLPA1Free" */;
			buildPhases = (
				8D4D3BF7C1C84A6654E86FBF /* [CP] Check Pods Manifest.lock */,
				3BA0FB1828865FDD00582892 /* Sources */,
				3BA0FB1928865FDD00582892 /* Frameworks */,
				3BA0FB1A28865FDD00582892 /* Resources */,
				6EB11D0ECF671BD311063209 /* [CP] Embed Pods Frameworks */,
			);
			buildRules = (
			);
			dependencies = (
			);
			name = NLPA1Free;
			packageProductDependencies = (
				3B3627C72886A5C200B4098C /* FirebaseAnalytics */,
				3B3627C92886A5C200B4098C /* FirebaseAuth */,
				3B3627CB2886A5C200B4098C /* FirebaseDatabase */,
			);
			productName = NLPA1Free;
			productReference = 3BA0FB1C28865FDD00582892 /* NLPA1Free.app */;
			productType = "com.apple.product-type.application";
		};
/* End PBXNativeTarget section */

/* Begin PBXProject section */
		3BA0FB1428865FDD00582892 /* Project object */ = {
			isa = PBXProject;
			attributes = {
				BuildIndependentTargetsInParallel = 1;
				LastSwiftUpdateCheck = 1340;
				LastUpgradeCheck = 1340;
				TargetAttributes = {
					3BA0FB1B28865FDD00582892 = {
						CreatedOnToolsVersion = 13.4.1;
					};
				};
			};
			buildConfigurationList = 3BA0FB1728865FDD00582892 /* Build configuration list for PBXProject "NLPA1Free" */;
			compatibilityVersion = "Xcode 13.0";
			developmentRegion = en;
			hasScannedForEncodings = 0;
			knownRegions = (
				en,
				Base,
			);
			mainGroup = 3BA0FB1328865FDD00582892;
			packageReferences = (
				3B3627C62886A5C200B4098C /* XCRemoteSwiftPackageReference "firebase-ios-sdk" */,
			);
			productRefGroup = 3BA0FB1D28865FDD00582892 /* Products */;
			projectDirPath = "";
			projectRoot = "";
			targets = (
				3BA0FB1B28865FDD00582892 /* NLPA1Free */,
			);
		};
/* End PBXProject section */

/* Begin PBXResourcesBuildPhase section */
		3BA0FB1A28865FDD00582892 /* Resources */ = {
			isa = PBXResourcesBuildPhase;
			buildActionMask = 2147483647;
			files = (
				3BA0FB2C28865FDE00582892 /* LaunchScreen.storyboard in Resources */,
				3BA0FB44288675CB00582892 /* nlpfreeinfo.html in Resources */,
				3BA0FB3428865FF300582892 /* GoogleService-Info.plist in Resources */,
				3BA0FB2928865FDE00582892 /* Assets.xcassets in Resources */,
				3BA0FB2728865FDD00582892 /* Main.storyboard in Resources */,
			);
			runOnlyForDeploymentPostprocessing = 0;
		};
/* End PBXResourcesBuildPhase section */

/* Begin PBXShellScriptBuildPhase section */
		6EB11D0ECF671BD311063209 /* [CP] Embed Pods Frameworks */ = {
			isa = PBXShellScriptBuildPhase;
			buildActionMask = 2147483647;
			files = (
			);
			inputFileListPaths = (
				"${PODS_ROOT}/Target Support Files/Pods-NLPA1Free/Pods-NLPA1Free-frameworks-${CONFIGURATION}-input-files.xcfilelist",
			);
			name = "[CP] Embed Pods Frameworks";
			outputFileListPaths = (
				"${PODS_ROOT}/Target Support Files/Pods-NLPA1Free/Pods-NLPA1Free-frameworks-${CONFIGURATION}-output-files.xcfilelist",
			);
			runOnlyForDeploymentPostprocessing = 0;
			shellPath = /bin/sh;
			shellScript = "\"${PODS_ROOT}/Target Support Files/Pods-NLPA1Free/Pods-NLPA1Free-frameworks.sh\"\n";
			showEnvVarsInLog = 0;
		};
		8D4D3BF7C1C84A6654E86FBF /* [CP] Check Pods Manifest.lock */ = {
			isa = PBXShellScriptBuildPhase;
			buildActionMask = 2147483647;
			files = (
			);
			inputFileListPaths = (
			);
			inputPaths = (
				"${PODS_PODFILE_DIR_PATH}/Podfile.lock",
				"${PODS_ROOT}/Manifest.lock",
			);
			name = "[CP] Check Pods Manifest.lock";
			outputFileListPaths = (
			);
			outputPaths = (
				"$(DERIVED_FILE_DIR)/Pods-NLPA1Free-checkManifestLockResult.txt",
			);
			runOnlyForDeploymentPostprocessing = 0;
			shellPath = /bin/sh;
			shellScript = "diff \"${PODS_PODFILE_DIR_PATH}/Podfile.lock\" \"${PODS_ROOT}/Manifest.lock\" > /dev/null\nif [ $? != 0 ] ; then\n    # print error to STDERR\n    echo \"error: The sandbox is not in sync with the Podfile.lock. Run 'pod install' or update your CocoaPods installation.\" >&2\n    exit 1\nfi\n# This output is used by Xcode 'outputs' to avoid re-running this script phase.\necho \"SUCCESS\" > \"${SCRIPT_OUTPUT_FILE_0}\"\n";
			showEnvVarsInLog = 0;
		};
/* End PBXShellScriptBuildPhase section */

/* Begin PBXSourcesBuildPhase section */
		3BA0FB1828865FDD00582892 /* Sources */ = {
			isa = PBXSourcesBuildPhase;
			buildActionMask = 2147483647;
			files = (
				3BA0FB4628868BAF00582892 /* TestViewController.swift in Sources */,
				3BA0FB2428865FDD00582892 /* ViewController.swift in Sources */,
				3BA0FB2028865FDD00582892 /* AppDelegate.swift in Sources */,
				3BA0FB42288674FE00582892 /* InfoViewController.swift in Sources */,
				3BA0FB2228865FDD00582892 /* SceneDelegate.swift in Sources */,
				3BA0FB4B28868E8700582892 /* AnalyticsViewController.swift in Sources */,
			);
			runOnlyForDeploymentPostprocessing = 0;
		};
/* End PBXSourcesBuildPhase section */

/* Begin PBXVariantGroup section */
		3BA0FB2528865FDD00582892 /* Main.storyboard */ = {
			isa = PBXVariantGroup;
			children = (
				3BA0FB2628865FDD00582892 /* Base */,
			);
			name = Main.storyboard;
			sourceTree = "<group>";
		};
		3BA0FB2A28865FDE00582892 /* LaunchScreen.storyboard */ = {
			isa = PBXVariantGroup;
			children = (
				3BA0FB2B28865FDE00582892 /* Base */,
			);
			name = LaunchScreen.storyboard;
			sourceTree = "<group>";
		};
/* End PBXVariantGroup section */

/* Begin XCBuildConfiguration section */
		3BA0FB2E28865FDE00582892 /* Debug */ = {
			isa = XCBuildConfiguration;
			buildSettings = {
				ALWAYS_SEARCH_USER_PATHS = NO;
				CLANG_ANALYZER_NONNULL = YES;
				CLANG_ANALYZER_NUMBER_OBJECT_CONVERSION = YES_AGGRESSIVE;
				CLANG_CXX_LANGUAGE_STANDARD = "gnu++17";
				CLANG_ENABLE_MODULES = YES;
				CLANG_ENABLE_OBJC_ARC = YES;
				CLANG_ENABLE_OBJC_WEAK = YES;
				CLANG_WARN_BLOCK_CAPTURE_AUTORELEASING = YES;
				CLANG_WARN_BOOL_CONVERSION = YES;
				CLANG_WARN_COMMA = YES;
				CLANG_WARN_CONSTANT_CONVERSION = YES;
				CLANG_WARN_DEPRECATED_OBJC_IMPLEMENTATIONS = YES;
				CLANG_WARN_DIRECT_OBJC_ISA_USAGE = YES_ERROR;
				CLANG_WARN_DOCUMENTATION_COMMENTS = YES;
				CLANG_WARN_EMPTY_BODY = YES;
				CLANG_WARN_ENUM_CONVERSION = YES;
				CLANG_WARN_INFINITE_RECURSION = YES;
				CLANG_WARN_INT_CONVERSION = YES;
				CLANG_WARN_NON_LITERAL_NULL_CONVERSION = YES;
				CLANG_WARN_OBJC_IMPLICIT_RETAIN_SELF = YES;
				CLANG_WARN_OBJC_LITERAL_CONVERSION = YES;
				CLANG_WARN_OBJC_ROOT_CLASS = YES_ERROR;
				CLANG_WARN_QUOTED_INCLUDE_IN_FRAMEWORK_HEADER = YES;
				CLANG_WARN_RANGE_LOOP_ANALYSIS = YES;
				CLANG_WARN_STRICT_PROTOTYPES = YES;
				CLANG_WARN_SUSPICIOUS_MOVE = YES;
				CLANG_WARN_UNGUARDED_AVAILABILITY = YES_AGGRESSIVE;
				CLANG_WARN_UNREACHABLE_CODE = YES;
				CLANG_WARN__DUPLICATE_METHOD_MATCH = YES;
				COPY_PHASE_STRIP = NO;
				DEBUG_INFORMATION_FORMAT = dwarf;
				ENABLE_STRICT_OBJC_MSGSEND = YES;
				ENABLE_TESTABILITY = YES;
				GCC_C_LANGUAGE_STANDARD = gnu11;
				GCC_DYNAMIC_NO_PIC = NO;
				GCC_NO_COMMON_BLOCKS = YES;
				GCC_OPTIMIZATION_LEVEL = 0;
				GCC_PREPROCESSOR_DEFINITIONS = (
					"DEBUG=1",
					"$(inherited)",
				);
				GCC_WARN_64_TO_32_BIT_CONVERSION = YES;
				GCC_WARN_ABOUT_RETURN_TYPE = YES_ERROR;
				GCC_WARN_UNDECLARED_SELECTOR = YES;
				GCC_WARN_UNINITIALIZED_AUTOS = YES_AGGRESSIVE;
				GCC_WARN_UNUSED_FUNCTION = YES;
				GCC_WARN_UNUSED_VARIABLE = YES;
				IPHONEOS_DEPLOYMENT_TARGET = 13.0;
				MTL_ENABLE_DEBUG_INFO = INCLUDE_SOURCE;
				MTL_FAST_MATH = YES;
				ONLY_ACTIVE_ARCH = YES;
				SDKROOT = iphoneos;
				SWIFT_ACTIVE_COMPILATION_CONDITIONS = DEBUG;
				SWIFT_OPTIMIZATION_LEVEL = "-Onone";
			};
			name = Debug;
		};
		3BA0FB2F28865FDE00582892 /* Release */ = {
			isa = XCBuildConfiguration;
			buildSettings = {
				ALWAYS_SEARCH_USER_PATHS = NO;
				CLANG_ANALYZER_NONNULL = YES;
				CLANG_ANALYZER_NUMBER_OBJECT_CONVERSION = YES_AGGRESSIVE;
				CLANG_CXX_LANGUAGE_STANDARD = "gnu++17";
				CLANG_ENABLE_MODULES = YES;
				CLANG_ENABLE_OBJC_ARC = YES;
				CLANG_ENABLE_OBJC_WEAK = YES;
				CLANG_WARN_BLOCK_CAPTURE_AUTORELEASING = YES;
				CLANG_WARN_BOOL_CONVERSION = YES;
				CLANG_WARN_COMMA = YES;
				CLANG_WARN_CONSTANT_CONVERSION = YES;
				CLANG_WARN_DEPRECATED_OBJC_IMPLEMENTATIONS = YES;
				CLANG_WARN_DIRECT_OBJC_ISA_USAGE = YES_ERROR;
				CLANG_WARN_DOCUMENTATION_COMMENTS = YES;
				CLANG_WARN_EMPTY_BODY = YES;
				CLANG_WARN_ENUM_CONVERSION = YES;
				CLANG_WARN_INFINITE_RECURSION = YES;
				CLANG_WARN_INT_CONVERSION = YES;
				CLANG_WARN_NON_LITERAL_NULL_CONVERSION = YES;
				CLANG_WARN_OBJC_IMPLICIT_RETAIN_SELF = YES;
				CLANG_WARN_OBJC_LITERAL_CONVERSION = YES;
				CLANG_WARN_OBJC_ROOT_CLASS = YES_ERROR;
				CLANG_WARN_QUOTED_INCLUDE_IN_FRAMEWORK_HEADER = YES;
				CLANG_WARN_RANGE_LOOP_ANALYSIS = YES;
				CLANG_WARN_STRICT_PROTOTYPES = YES;
				CLANG_WARN_SUSPICIOUS_MOVE = YES;
				CLANG_WARN_UNGUARDED_AVAILABILITY = YES_AGGRESSIVE;
				CLANG_WARN_UNREACHABLE_CODE = YES;
				CLANG_WARN__DUPLICATE_METHOD_MATCH = YES;
				COPY_PHASE_STRIP = NO;
				DEBUG_INFORMATION_FORMAT = "dwarf-with-dsym";
				ENABLE_NS_ASSERTIONS = NO;
				ENABLE_STRICT_OBJC_MSGSEND = YES;
				GCC_C_LANGUAGE_STANDARD = gnu11;
				GCC_NO_COMMON_BLOCKS = YES;
				GCC_WARN_64_TO_32_BIT_CONVERSION = YES;
				GCC_WARN_ABOUT_RETURN_TYPE = YES_ERROR;
				GCC_WARN_UNDECLARED_SELECTOR = YES;
				GCC_WARN_UNINITIALIZED_AUTOS = YES_AGGRESSIVE;
				GCC_WARN_UNUSED_FUNCTION = YES;
				GCC_WARN_UNUSED_VARIABLE = YES;
				IPHONEOS_DEPLOYMENT_TARGET = 13.0;
				MTL_ENABLE_DEBUG_INFO = NO;
				MTL_FAST_MATH = YES;
				SDKROOT = iphoneos;
				SWIFT_COMPILATION_MODE = wholemodule;
				SWIFT_OPTIMIZATION_LEVEL = "-O";
				VALIDATE_PRODUCT = YES;
			};
			name = Release;
		};
		3BA0FB3128865FDE00582892 /* Debug */ = {
			isa = XCBuildConfiguration;
			baseConfigurationReference = B48C9A2B2F2FDAF6E55E5BDC /* Pods-NLPA1Free.debug.xcconfig */;
			buildSettings = {
				ASSETCATALOG_COMPILER_APPICON_NAME = AppIcon;
				ASSETCATALOG_COMPILER_GLOBAL_ACCENT_COLOR_NAME = AccentColor;
				CODE_SIGN_ENTITLEMENTS = NLPA1Free/NLPA1Free.entitlements;
				CODE_SIGN_STYLE = Automatic;
				CURRENT_PROJECT_VERSION = 5;
				DEVELOPMENT_TEAM = XSVW22JPST;
				GENERATE_INFOPLIST_FILE = YES;
				INFOPLIST_FILE = NLPA1Free/Info.plist;
				INFOPLIST_KEY_CFBundleDisplayName = "NLP表象系統Lite";
				INFOPLIST_KEY_UIApplicationSupportsIndirectInputEvents = YES;
				INFOPLIST_KEY_UILaunchStoryboardName = LaunchScreen;
				INFOPLIST_KEY_UIMainStoryboardFile = Main;
				INFOPLIST_KEY_UISupportedInterfaceOrientations = UIInterfaceOrientationPortrait;
				INFOPLIST_KEY_UISupportedInterfaceOrientations_iPad = "UIInterfaceOrientationPortrait UIInterfaceOrientationPortraitUpsideDown UIInterfaceOrientationLandscapeLeft UIInterfaceOrientationLandscapeRight";
				INFOPLIST_KEY_UISupportedInterfaceOrientations_iPhone = UIInterfaceOrientationPortrait;
				LD_RUNPATH_SEARCH_PATHS = (
					"$(inherited)",
					"@executable_path/Frameworks",
				);
				MARKETING_VERSION = 1.22;
				PRODUCT_BUNDLE_IDENTIFIER = idv.SJW.NLPA1Free;
				PRODUCT_NAME = "$(TARGET_NAME)";
				SUPPORTS_MACCATALYST = YES;
				SWIFT_EMIT_LOC_STRINGS = YES;
				SWIFT_VERSION = 5.0;
				TARGETED_DEVICE_FAMILY = "1,2";
			};
			name = Debug;
		};
		3BA0FB3228865FDE00582892 /* Release */ = {
			isa = XCBuildConfiguration;
			baseConfigurationReference = 6F19A5FD6A4D32836A6F6864 /* Pods-NLPA1Free.release.xcconfig */;
			buildSettings = {
				ASSETCATALOG_COMPILER_APPICON_NAME = AppIcon;
				ASSETCATALOG_COMPILER_GLOBAL_ACCENT_COLOR_NAME = AccentColor;
				CODE_SIGN_ENTITLEMENTS = NLPA1Free/NLPA1Free.entitlements;
				CODE_SIGN_STYLE = Automatic;
				CURRENT_PROJECT_VERSION = 5;
				DEVELOPMENT_TEAM = XSVW22JPST;
				GENERATE_INFOPLIST_FILE = YES;
				INFOPLIST_FILE = NLPA1Free/Info.plist;
				INFOPLIST_KEY_CFBundleDisplayName = "NLP表象系統Lite";
				INFOPLIST_KEY_UIApplicationSupportsIndirectInputEvents = YES;
				INFOPLIST_KEY_UILaunchStoryboardName = LaunchScreen;
				INFOPLIST_KEY_UIMainStoryboardFile = Main;
				INFOPLIST_KEY_UISupportedInterfaceOrientations = UIInterfaceOrientationPortrait;
				INFOPLIST_KEY_UISupportedInterfaceOrientations_iPad = "UIInterfaceOrientationPortrait UIInterfaceOrientationPortraitUpsideDown UIInterfaceOrientationLandscapeLeft UIInterfaceOrientationLandscapeRight";
				INFOPLIST_KEY_UISupportedInterfaceOrientations_iPhone = UIInterfaceOrientationPortrait;
				LD_RUNPATH_SEARCH_PATHS = (
					"$(inherited)",
					"@executable_path/Frameworks",
				);
				MARKETING_VERSION = 1.22;
				PRODUCT_BUNDLE_IDENTIFIER = idv.SJW.NLPA1Free;
				PRODUCT_NAME = "$(TARGET_NAME)";
				SUPPORTS_MACCATALYST = YES;
				SWIFT_EMIT_LOC_STRINGS = YES;
				SWIFT_VERSION = 5.0;
				TARGETED_DEVICE_FAMILY = "1,2";
			};
			name = Release;
		};
/* End XCBuildConfiguration section */

/* Begin XCConfigurationList section */
		3BA0FB1728865FDD00582892 /* Build configuration list for PBXProject "NLPA1Free" */ = {
			isa = XCConfigurationList;
			buildConfigurations = (
				3BA0FB2E28865FDE00582892 /* Debug */,
				3BA0FB2F28865FDE00582892 /* Release */,
			);
			defaultConfigurationIsVisible = 0;
			defaultConfigurationName = Release;
		};
		3BA0FB3028865FDE00582892 /* Build configuration list for PBXNativeTarget "NLPA1Free" */ = {
			isa = XCConfigurationList;
			buildConfigurations = (
				3BA0FB3128865FDE00582892 /* Debug */,
				3BA0FB3228865FDE00582892 /* Release */,
			);
			defaultConfigurationIsVisible = 0;
			defaultConfigurationName = Release;
		};
/* End XCConfigurationList section */

/* Begin XCRemoteSwiftPackageReference section */
		3B3627C62886A5C200B4098C /* XCRemoteSwiftPackageReference "firebase-ios-sdk" */ = {
			isa = XCRemoteSwiftPackageReference;
			repositoryURL = "https://github.com/firebase/firebase-ios-sdk";
			requirement = {
				kind = upToNextMinorVersion;
				minimumVersion = 9.3.0;
			};
		};
/* End XCRemoteSwiftPackageReference section */

/* Begin XCSwiftPackageProductDependency section */
		3B3627C72886A5C200B4098C /* FirebaseAnalytics */ = {
			isa = XCSwiftPackageProductDependency;
			package = 3B3627C62886A5C200B4098C /* XCRemoteSwiftPackageReference "firebase-ios-sdk" */;
			productName = FirebaseAnalytics;
		};
		3B3627C92886A5C200B4098C /* FirebaseAuth */ = {
			isa = XCSwiftPackageProductDependency;
			package = 3B3627C62886A5C200B4098C /* XCRemoteSwiftPackageReference "firebase-ios-sdk" */;
			productName = FirebaseAuth;
		};
		3B3627CB2886A5C200B4098C /* FirebaseDatabase */ = {
			isa = XCSwiftPackageProductDependency;
			package = 3B3627C62886A5C200B4098C /* XCRemoteSwiftPackageReference "firebase-ios-sdk" */;
			productName = FirebaseDatabase;
		};
/* End XCSwiftPackageProductDependency section */
	};
	rootObject = 3BA0FB1428865FDD00582892 /* Project object */;
}
